// !$*UTF8*$!
{
	archiveVersion = 1;
	classes = {
	};
	objectVersion = 48;
	objects = {

/* Begin PBXBuildFile section */
		967318EC2108FDB200D71604 /* MazeViewController.swift in Sources */ = {isa = PBXBuildFile; fileRef = 967318EB2108FDB200D71604 /* MazeViewController.swift */; };
		967318EE2108FFD700D71604 /* GAViewController.swift in Sources */ = {isa = PBXBuildFile; fileRef = 967318ED2108FFD700D71604 /* GAViewController.swift */; };
		967318F021092F8B00D71604 /* 08.jpg in Resources */ = {isa = PBXBuildFile; fileRef = 967318EF21092F8B00D71604 /* 08.jpg */; };
		967318F2210930A100D71604 /* 1.png in Resources */ = {isa = PBXBuildFile; fileRef = 967318F1210930A100D71604 /* 1.png */; };
		96E87EBB20F8649500920889 /* AppDelegate.swift in Sources */ = {isa = PBXBuildFile; fileRef = 96E87EBA20F8649500920889 /* AppDelegate.swift */; };
		96E87EBD20F8649500920889 /* ViewController.swift in Sources */ = {isa = PBXBuildFile; fileRef = 96E87EBC20F8649500920889 /* ViewController.swift */; };
		96E87EC020F8649500920889 /* Main.storyboard in Resources */ = {isa = PBXBuildFile; fileRef = 96E87EBE20F8649500920889 /* Main.storyboard */; };
		96E87EC220F8649500920889 /* Assets.xcassets in Resources */ = {isa = PBXBuildFile; fileRef = 96E87EC120F8649500920889 /* Assets.xcassets */; };
		96E87EC520F8649500920889 /* LaunchScreen.storyboard in Resources */ = {isa = PBXBuildFile; fileRef = 96E87EC320F8649500920889 /* LaunchScreen.storyboard */; };
		96E87ED020F8649500920889 /* MazeTests.swift in Sources */ = {isa = PBXBuildFile; fileRef = 96E87ECF20F8649500920889 /* MazeTests.swift */; };
		96E87EDB20F8649500920889 /* MazeUITests.swift in Sources */ = {isa = PBXBuildFile; fileRef = 96E87EDA20F8649500920889 /* MazeUITests.swift */; };
/* End PBXBuildFile section */

/* Begin PBXContainerItemProxy section */
		96E87ECC20F8649500920889 /* PBXContainerItemProxy */ = {
			isa = PBXContainerItemProxy;
			containerPortal = 96E87EAF20F8649500920889 /* Project object */;
			proxyType = 1;
			remoteGlobalIDString = 96E87EB620F8649500920889;
			remoteInfo = Maze;
		};
		96E87ED720F8649500920889 /* PBXContainerItemProxy */ = {
			isa = PBXContainerItemProxy;
			containerPortal = 96E87EAF20F8649500920889 /* Project object */;
			proxyType = 1;
			remoteGlobalIDString = 96E87EB620F8649500920889;
			remoteInfo = Maze;
		};
/* End PBXContainerItemProxy section */

/* Begin PBXFileReference section */
		967318EB2108FDB200D71604 /* MazeViewController.swift */ = {isa = PBXFileReference; lastKnownFileType = sourcecode.swift; path = MazeViewController.swift; sourceTree = "<group>"; };
		967318ED2108FFD700D71604 /* GAViewController.swift */ = {isa = PBXFileReference; lastKnownFileType = sourcecode.swift; path = GAViewController.swift; sourceTree = "<group>"; };
		967318EF21092F8B00D71604 /* 08.jpg */ = {isa = PBXFileReference; lastKnownFileType = image.jpeg; path = 08.jpg; sourceTree = SOURCE_ROOT; };
		967318F1210930A100D71604 /* 1.png */ = {isa = PBXFileReference; lastKnownFileType = image.png; path = 1.png; sourceTree = SOURCE_ROOT; };
		96E87EB720F8649500920889 /* Maze.app */ = {isa = PBXFileReference; explicitFileType = wrapper.application; includeInIndex = 0; path = Maze.app; sourceTree = BUILT_PRODUCTS_DIR; };
		96E87EBA20F8649500920889 /* AppDelegate.swift */ = {isa = PBXFileReference; lastKnownFileType = sourcecode.swift; path = AppDelegate.swift; sourceTree = "<group>"; };
		96E87EBC20F8649500920889 /* ViewController.swift */ = {isa = PBXFileReference; lastKnownFileType = sourcecode.swift; path = ViewController.swift; sourceTree = "<group>"; };
		96E87EBF20F8649500920889 /* Base */ = {isa = PBXFileReference; lastKnownFileType = file.storyboard; name = Base; path = Base.lproj/Main.storyboard; sourceTree = "<group>"; };
		96E87EC120F8649500920889 /* Assets.xcassets */ = {isa = PBXFileReference; lastKnownFileType = folder.assetcatalog; path = Assets.xcassets; sourceTree = "<group>"; };
		96E87EC420F8649500920889 /* Base */ = {isa = PBXFileReference; lastKnownFileType = file.storyboard; name = Base; path = Base.lproj/LaunchScreen.storyboard; sourceTree = "<group>"; };
		96E87EC620F8649500920889 /* Info.plist */ = {isa = PBXFileReference; lastKnownFileType = text.plist.xml; path = Info.plist; sourceTree = "<group>"; };
		96E87ECB20F8649500920889 /* MazeTests.xctest */ = {isa = PBXFileReference; explicitFileType = wrapper.cfbundle; includeInIndex = 0; path = MazeTests.xctest; sourceTree = BUILT_PRODUCTS_DIR; };
		96E87ECF20F8649500920889 /* MazeTests.swift */ = {isa = PBXFileReference; lastKnownFileType = sourcecode.swift; path = MazeTests.swift; sourceTree = "<group>"; };
		96E87ED120F8649500920889 /* Info.plist */ = {isa = PBXFileReference; lastKnownFileType = text.plist.xml; path = Info.plist; sourceTree = "<group>"; };
		96E87ED620F8649500920889 /* MazeUITests.xctest */ = {isa = PBXFileReference; explicitFileType = wrapper.cfbundle; includeInIndex = 0; path = MazeUITests.xctest; sourceTree = BUILT_PRODUCTS_DIR; };
		96E87EDA20F8649500920889 /* MazeUITests.swift */ = {isa = PBXFileReference; lastKnownFileType = sourcecode.swift; path = MazeUITests.swift; sourceTree = "<group>"; };
		96E87EDC20F8649500920889 /* Info.plist */ = {isa = PBXFileReference; lastKnownFileType = text.plist.xml; path = Info.plist; sourceTree = "<group>"; };
/* End PBXFileReference section */

/* Begin PBXFrameworksBuildPhase section */
		96E87EB420F8649500920889 /* Frameworks */ = {
			isa = PBXFrameworksBuildPhase;
			buildActionMask = 2147483647;
			files = (
			);
			runOnlyForDeploymentPostprocessing = 0;
		};
		96E87EC820F8649500920889 /* Frameworks */ = {
			isa = PBXFrameworksBuildPhase;
			buildActionMask = 2147483647;
			files = (
			);
			runOnlyForDeploymentPostprocessing = 0;
		};
		96E87ED320F8649500920889 /* Frameworks */ = {
			isa = PBXFrameworksBuildPhase;
			buildActionMask = 2147483647;
			files = (
			);
			runOnlyForDeploymentPostprocessing = 0;
		};
/* End PBXFrameworksBuildPhase section */

/* Begin PBXGroup section */
		96E87EAE20F8649500920889 = {
			isa = PBXGroup;
			children = (
				96E87EB920F8649500920889 /* Maze */,
				96E87ECE20F8649500920889 /* MazeTests */,
				96E87ED920F8649500920889 /* MazeUITests */,
				96E87EB820F8649500920889 /* Products */,
			);
			sourceTree = "<group>";
		};
		96E87EB820F8649500920889 /* Products */ = {
			isa = PBXGroup;
			children = (
				96E87EB720F8649500920889 /* Maze.app */,
				96E87ECB20F8649500920889 /* MazeTests.xctest */,
				96E87ED620F8649500920889 /* MazeUITests.xctest */,
			);
			name = Products;
			sourceTree = "<group>";
		};
		96E87EB920F8649500920889 /* Maze */ = {
			isa = PBXGroup;
			children = (
				967318F1210930A100D71604 /* 1.png */,
				967318EF21092F8B00D71604 /* 08.jpg */,
				96E87EBA20F8649500920889 /* AppDelegate.swift */,
				96E87EBC20F8649500920889 /* ViewController.swift */,
				96E87EBE20F8649500920889 /* Main.storyboard */,
				96E87EC120F8649500920889 /* Assets.xcassets */,
				96E87EC320F8649500920889 /* LaunchScreen.storyboard */,
				96E87EC620F8649500920889 /* Info.plist */,
				967318EB2108FDB200D71604 /* MazeViewController.swift */,
				967318ED2108FFD700D71604 /* GAViewController.swift */,
			);
			path = Maze;
			sourceTree = "<group>";
		};
		96E87ECE20F8649500920889 /* MazeTests */ = {
			isa = PBXGroup;
			children = (
				96E87ECF20F8649500920889 /* MazeTests.swift */,
				96E87ED120F8649500920889 /* Info.plist */,
			);
			path = MazeTests;
			sourceTree = "<group>";
		};
		96E87ED920F8649500920889 /* MazeUITests */ = {
			isa = PBXGroup;
			children = (
				96E87EDA20F8649500920889 /* MazeUITests.swift */,
				96E87EDC20F8649500920889 /* Info.plist */,
			);
			path = MazeUITests;
			sourceTree = "<group>";
		};
/* End PBXGroup section */

/* Begin PBXNativeTarget section */
		96E87EB620F8649500920889 /* Maze */ = {
			isa = PBXNativeTarget;
			buildConfigurationList = 96E87EDF20F8649500920889 /* Build configuration list for PBXNativeTarget "Maze" */;
			buildPhases = (
				96E87EB320F8649500920889 /* Sources */,
				96E87EB420F8649500920889 /* Frameworks */,
				96E87EB520F8649500920889 /* Resources */,
			);
			buildRules = (
			);
			dependencies = (
			);
			name = Maze;
			productName = Maze;
			productReference = 96E87EB720F8649500920889 /* Maze.app */;
			productType = "com.apple.product-type.application";
		};
		96E87ECA20F8649500920889 /* MazeTests */ = {
			isa = PBXNativeTarget;
			buildConfigurationList = 96E87EE220F8649500920889 /* Build configuration list for PBXNativeTarget "MazeTests" */;
			buildPhases = (
				96E87EC720F8649500920889 /* Sources */,
				96E87EC820F8649500920889 /* Frameworks */,
				96E87EC920F8649500920889 /* Resources */,
			);
			buildRules = (
			);
			dependencies = (
				96E87ECD20F8649500920889 /* PBXTargetDependency */,
			);
			name = MazeTests;
			productName = MazeTests;
			productReference = 96E87ECB20F8649500920889 /* MazeTests.xctest */;
			productType = "com.apple.product-type.bundle.unit-test";
		};
		96E87ED520F8649500920889 /* MazeUITests */ = {
			isa = PBXNativeTarget;
			buildConfigurationList = 96E87EE520F8649500920889 /* Build configuration list for PBXNativeTarget "MazeUITests" */;
			buildPhases = (
				96E87ED220F8649500920889 /* Sources */,
				96E87ED320F8649500920889 /* Frameworks */,
				96E87ED420F8649500920889 /* Resources */,
			);
			buildRules = (
			);
			dependencies = (
				96E87ED820F8649500920889 /* PBXTargetDependency */,
			);
			name = MazeUITests;
			productName = MazeUITests;
			productReference = 96E87ED620F8649500920889 /* MazeUITests.xctest */;
			productType = "com.apple.product-type.bundle.ui-testing";
		};
/* End PBXNativeTarget section */

/* Begin PBXProject section */
		96E87EAF20F8649500920889 /* Project object */ = {
			isa = PBXProject;
			attributes = {
				LastSwiftUpdateCheck = 0920;
				LastUpgradeCheck = 0920;
				ORGANIZATIONNAME = "juna Kawagishi";
				TargetAttributes = {
					96E87EB620F8649500920889 = {
						CreatedOnToolsVersion = 9.2;
						ProvisioningStyle = Automatic;
					};
					96E87ECA20F8649500920889 = {
						CreatedOnToolsVersion = 9.2;
						ProvisioningStyle = Automatic;
						TestTargetID = 96E87EB620F8649500920889;
					};
					96E87ED520F8649500920889 = {
						CreatedOnToolsVersion = 9.2;
						ProvisioningStyle = Automatic;
						TestTargetID = 96E87EB620F8649500920889;
					};
				};
			};
			buildConfigurationList = 96E87EB220F8649500920889 /* Build configuration list for PBXProject "Maze" */;
			compatibilityVersion = "Xcode 8.0";
			developmentRegion = en;
			hasScannedForEncodings = 0;
			knownRegions = (
				en,
				Base,
			);
			mainGroup = 96E87EAE20F8649500920889;
			productRefGroup = 96E87EB820F8649500920889 /* Products */;
			projectDirPath = "";
			projectRoot = "";
			targets = (
				96E87EB620F8649500920889 /* Maze */,
				96E87ECA20F8649500920889 /* MazeTests */,
				96E87ED520F8649500920889 /* MazeUITests */,
			);
		};
/* End PBXProject section */

/* Begin PBXResourcesBuildPhase section */
		96E87EB520F8649500920889 /* Resources */ = {
			isa = PBXResourcesBuildPhase;
			buildActionMask = 2147483647;
			files = (
				967318F2210930A100D71604 /* 1.png in Resources */,
				96E87EC520F8649500920889 /* LaunchScreen.storyboard in Resources */,
				967318F021092F8B00D71604 /* 08.jpg in Resources */,
				96E87EC220F8649500920889 /* Assets.xcassets in Resources */,
				96E87EC020F8649500920889 /* Main.storyboard in Resources */,
			);
			runOnlyForDeploymentPostprocessing = 0;
		};
		96E87EC920F8649500920889 /* Resources */ = {
			isa = PBXResourcesBuildPhase;
			buildActionMask = 2147483647;
			files = (
			);
			runOnlyForDeploymentPostprocessing = 0;
		};
		96E87ED420F8649500920889 /* Resources */ = {
			isa = PBXResourcesBuildPhase;
			buildActionMask = 2147483647;
			files = (
			);
			runOnlyForDeploymentPostprocessing = 0;
		};
/* End PBXResourcesBuildPhase section */

/* Begin PBXSourcesBuildPhase section */
		96E87EB320F8649500920889 /* Sources */ = {
			isa = PBXSourcesBuildPhase;
			buildActionMask = 2147483647;
			files = (
				967318EE2108FFD700D71604 /* GAViewController.swift in Sources */,
				96E87EBD20F8649500920889 /* ViewController.swift in Sources */,
				96E87EBB20F8649500920889 /* AppDelegate.swift in Sources */,
				967318EC2108FDB200D71604 /* MazeViewController.swift in Sources */,
			);
			runOnlyForDeploymentPostprocessing = 0;
		};
		96E87EC720F8649500920889 /* Sources */ = {
			isa = PBXSourcesBuildPhase;
			buildActionMask = 2147483647;
			files = (
				96E87ED020F8649500920889 /* MazeTests.swift in Sources */,
			);
			runOnlyForDeploymentPostprocessing = 0;
		};
		96E87ED220F8649500920889 /* Sources */ = {
			isa = PBXSourcesBuildPhase;
			buildActionMask = 2147483647;
			files = (
				96E87EDB20F8649500920889 /* MazeUITests.swift in Sources */,
			);
			runOnlyForDeploymentPostprocessing = 0;
		};
/* End PBXSourcesBuildPhase section */

/* Begin PBXTargetDependency section */
		96E87ECD20F8649500920889 /* PBXTargetDependency */ = {
			isa = PBXTargetDependency;
			target = 96E87EB620F8649500920889 /* Maze */;
			targetProxy = 96E87ECC20F8649500920889 /* PBXContainerItemProxy */;
		};
		96E87ED820F8649500920889 /* PBXTargetDependency */ = {
			isa = PBXTargetDependency;
			target = 96E87EB620F8649500920889 /* Maze */;
			targetProxy = 96E87ED720F8649500920889 /* PBXContainerItemProxy */;
		};
/* End PBXTargetDependency section */

/* Begin PBXVariantGroup section */
		96E87EBE20F8649500920889 /* Main.storyboard */ = {
			isa = PBXVariantGroup;
			children = (
				96E87EBF20F8649500920889 /* Base */,
			);
			name = Main.storyboard;
			sourceTree = "<group>";
		};
		96E87EC320F8649500920889 /* LaunchScreen.storyboard */ = {
			isa = PBXVariantGroup;
			children = (
				96E87EC420F8649500920889 /* Base */,
			);
			name = LaunchScreen.storyboard;
			sourceTree = "<group>";
		};
/* End PBXVariantGroup section */

/* Begin XCBuildConfiguration section */
		96E87EDD20F8649500920889 /* Debug */ = {
			isa = XCBuildConfiguration;
			buildSettings = {
				ALWAYS_SEARCH_USER_PATHS = NO;
				CLANG_ANALYZER_NONNULL = YES;
				CLANG_ANALYZER_NUMBER_OBJECT_CONVERSION = YES_AGGRESSIVE;
				CLANG_CXX_LANGUAGE_STANDARD = "gnu++14";
				CLANG_CXX_LIBRARY = "libc++";
				CLANG_ENABLE_MODULES = YES;
				CLANG_ENABLE_OBJC_ARC = YES;
				CLANG_WARN_BLOCK_CAPTURE_AUTORELEASING = YES;
				CLANG_WARN_BOOL_CONVERSION = YES;
				CLANG_WARN_COMMA = YES;
				CLANG_WARN_CONSTANT_CONVERSION = YES;
				CLANG_WARN_DIRECT_OBJC_ISA_USAGE = YES_ERROR;
				CLANG_WARN_DOCUMENTATION_COMMENTS = YES;
				CLANG_WARN_EMPTY_BODY = YES;
				CLANG_WARN_ENUM_CONVERSION = YES;
				CLANG_WARN_INFINITE_RECURSION = YES;
				CLANG_WARN_INT_CONVERSION = YES;
				CLANG_WARN_NON_LITERAL_NULL_CONVERSION = YES;
				CLANG_WARN_OBJC_LITERAL_CONVERSION = YES;
				CLANG_WARN_OBJC_ROOT_CLASS = YES_ERROR;
				CLANG_WARN_RANGE_LOOP_ANALYSIS = YES;
				CLANG_WARN_STRICT_PROTOTYPES = YES;
				CLANG_WARN_SUSPICIOUS_MOVE = YES;
				CLANG_WARN_UNGUARDED_AVAILABILITY = YES_AGGRESSIVE;
				CLANG_WARN_UNREACHABLE_CODE = YES;
				CLANG_WARN__DUPLICATE_METHOD_MATCH = YES;
				CODE_SIGN_IDENTITY = "iPhone Developer";
				COPY_PHASE_STRIP = NO;
				DEBUG_INFORMATION_FORMAT = dwarf;
				ENABLE_STRICT_OBJC_MSGSEND = YES;
				ENABLE_TESTABILITY = YES;
				GCC_C_LANGUAGE_STANDARD = gnu11;
				GCC_DYNAMIC_NO_PIC = NO;
				GCC_NO_COMMON_BLOCKS = YES;
				GCC_OPTIMIZATION_LEVEL = 0;
				GCC_PREPROCESSOR_DEFINITIONS = (
					"DEBUG=1",
					"$(inherited)",
				);
				GCC_WARN_64_TO_32_BIT_CONVERSION = YES;
				GCC_WARN_ABOUT_RETURN_TYPE = YES_ERROR;
				GCC_WARN_UNDECLARED_SELECTOR = YES;
				GCC_WARN_UNINITIALIZED_AUTOS = YES_AGGRESSIVE;
				GCC_WARN_UNUSED_FUNCTION = YES;
				GCC_WARN_UNUSED_VARIABLE = YES;
				IPHONEOS_DEPLOYMENT_TARGET = 11.2;
				MTL_ENABLE_DEBUG_INFO = YES;
				ONLY_ACTIVE_ARCH = YES;
				SDKROOT = iphoneos;
				SWIFT_ACTIVE_COMPILATION_CONDITIONS = DEBUG;
				SWIFT_OPTIMIZATION_LEVEL = "-Onone";
			};
			name = Debug;
		};
		96E87EDE20F8649500920889 /* Release */ = {
			isa = XCBuildConfiguration;
			buildSettings = {
				ALWAYS_SEARCH_USER_PATHS = NO;
				CLANG_ANALYZER_NONNULL = YES;
				CLANG_ANALYZER_NUMBER_OBJECT_CONVERSION = YES_AGGRESSIVE;
				CLANG_CXX_LANGUAGE_STANDARD = "gnu++14";
				CLANG_CXX_LIBRARY = "libc++";
				CLANG_ENABLE_MODULES = YES;
				CLANG_ENABLE_OBJC_ARC = YES;
				CLANG_WARN_BLOCK_CAPTURE_AUTORELEASING = YES;
				CLANG_WARN_BOOL_CONVERSION = YES;
				CLANG_WARN_COMMA = YES;
				CLANG_WARN_CONSTANT_CONVERSION = YES;
				CLANG_WARN_DIRECT_OBJC_ISA_USAGE = YES_ERROR;
				CLANG_WARN_DOCUMENTATION_COMMENTS = YES;
				CLANG_WARN_EMPTY_BODY = YES;
				CLANG_WARN_ENUM_CONVERSION = YES;
				CLANG_WARN_INFINITE_RECURSION = YES;
				CLANG_WARN_INT_CONVERSION = YES;
				CLANG_WARN_NON_LITERAL_NULL_CONVERSION = YES;
				CLANG_WARN_OBJC_LITERAL_CONVERSION = YES;
				CLANG_WARN_OBJC_ROOT_CLASS = YES_ERROR;
				CLANG_WARN_RANGE_LOOP_ANALYSIS = YES;
				CLANG_WARN_STRICT_PROTOTYPES = YES;
				CLANG_WARN_SUSPICIOUS_MOVE = YES;
				CLANG_WARN_UNGUARDED_AVAILABILITY = YES_AGGRESSIVE;
				CLANG_WARN_UNREACHABLE_CODE = YES;
				CLANG_WARN__DUPLICATE_METHOD_MATCH = YES;
				CODE_SIGN_IDENTITY = "iPhone Developer";
				COPY_PHASE_STRIP = NO;
				DEBUG_INFORMATION_FORMAT = "dwarf-with-dsym";
				ENABLE_NS_ASSERTIONS = NO;
				ENABLE_STRICT_OBJC_MSGSEND = YES;
				GCC_C_LANGUAGE_STANDARD = gnu11;
				GCC_NO_COMMON_BLOCKS = YES;
				GCC_WARN_64_TO_32_BIT_CONVERSION = YES;
				GCC_WARN_ABOUT_RETURN_TYPE = YES_ERROR;
				GCC_WARN_UNDECLARED_SELECTOR = YES;
				GCC_WARN_UNINITIALIZED_AUTOS = YES_AGGRESSIVE;
				GCC_WARN_UNUSED_FUNCTION = YES;
				GCC_WARN_UNUSED_VARIABLE = YES;
				IPHONEOS_DEPLOYMENT_TARGET = 11.2;
				MTL_ENABLE_DEBUG_INFO = NO;
				SDKROOT = iphoneos;
				SWIFT_OPTIMIZATION_LEVEL = "-Owholemodule";
				VALIDATE_PRODUCT = YES;
			};
			name = Release;
		};
		96E87EE020F8649500920889 /* Debug */ = {
			isa = XCBuildConfiguration;
			buildSettings = {
				ASSETCATALOG_COMPILER_APPICON_NAME = AppIcon;
				CODE_SIGN_STYLE = Automatic;
				DEVELOPMENT_TEAM = AQ2RXWD63X;
				INFOPLIST_FILE = Maze/Info.plist;
				LD_RUNPATH_SEARCH_PATHS = "$(inherited) @executable_path/Frameworks";
				PRODUCT_BUNDLE_IDENTIFIER = jk.com.Maze;
				PRODUCT_NAME = "$(TARGET_NAME)";
				SWIFT_VERSION = 4.0;
				TARGETED_DEVICE_FAMILY = "1,2";
			};
			name = Debug;
		};
		96E87EE120F8649500920889 /* Release */ = {
			isa = XCBuildConfiguration;
			buildSettings = {
				ASSETCATALOG_COMPILER_APPICON_NAME = AppIcon;
				CODE_SIGN_STYLE = Automatic;
				DEVELOPMENT_TEAM = AQ2RXWD63X;
				INFOPLIST_FILE = Maze/Info.plist;
				LD_RUNPATH_SEARCH_PATHS = "$(inherited) @executable_path/Frameworks";
				PRODUCT_BUNDLE_IDENTIFIER = jk.com.Maze;
				PRODUCT_NAME = "$(TARGET_NAME)";
				SWIFT_VERSION = 4.0;
				TARGETED_DEVICE_FAMILY = "1,2";
			};
			name = Release;
		};
		96E87EE320F8649500920889 /* Debug */ = {
			isa = XCBuildConfiguration;
			buildSettings = {
				ALWAYS_EMBED_SWIFT_STANDARD_LIBRARIES = YES;
				BUNDLE_LOADER = "$(TEST_HOST)";
				CODE_SIGN_STYLE = Automatic;
				INFOPLIST_FILE = MazeTests/Info.plist;
				LD_RUNPATH_SEARCH_PATHS = "$(inherited) @executable_path/Frameworks @loader_path/Frameworks";
				PRODUCT_BUNDLE_IDENTIFIER = jk.com.MazeTests;
				PRODUCT_NAME = "$(TARGET_NAME)";
				SWIFT_VERSION = 4.0;
				TARGETED_DEVICE_FAMILY = "1,2";
				TEST_HOST = "$(BUILT_PRODUCTS_DIR)/Maze.app/Maze";
			};
			name = Debug;
		};
		96E87EE420F8649500920889 /* Release */ = {
			isa = XCBuildConfiguration;
			buildSettings = {
				ALWAYS_EMBED_SWIFT_STANDARD_LIBRARIES = YES;
				BUNDLE_LOADER = "$(TEST_HOST)";
				CODE_SIGN_STYLE = Automatic;
				INFOPLIST_FILE = MazeTests/Info.plist;
				LD_RUNPATH_SEARCH_PATHS = "$(inherited) @executable_path/Frameworks @loader_path/Frameworks";
				PRODUCT_BUNDLE_IDENTIFIER = jk.com.MazeTests;
				PRODUCT_NAME = "$(TARGET_NAME)";
				SWIFT_VERSION = 4.0;
				TARGETED_DEVICE_FAMILY = "1,2";
				TEST_HOST = "$(BUILT_PRODUCTS_DIR)/Maze.app/Maze";
			};
			name = Release;
		};
		96E87EE620F8649500920889 /* Debug */ = {
			isa = XCBuildConfiguration;
			buildSettings = {
				ALWAYS_EMBED_SWIFT_STANDARD_LIBRARIES = YES;
				CODE_SIGN_STYLE = Automatic;
				INFOPLIST_FILE = MazeUITests/Info.plist;
				LD_RUNPATH_SEARCH_PATHS = "$(inherited) @executable_path/Frameworks @loader_path/Frameworks";
				PRODUCT_BUNDLE_IDENTIFIER = jk.com.MazeUITests;
				PRODUCT_NAME = "$(TARGET_NAME)";
				SWIFT_VERSION = 4.0;
				TARGETED_DEVICE_FAMILY = "1,2";
				TEST_TARGET_NAME = Maze;
			};
			name = Debug;
		};
		96E87EE720F8649500920889 /* Release */ = {
			isa = XCBuildConfiguration;
			buildSettings = {
				ALWAYS_EMBED_SWIFT_STANDARD_LIBRARIES = YES;
				CODE_SIGN_STYLE = Automatic;
				INFOPLIST_FILE = MazeUITests/Info.plist;
				LD_RUNPATH_SEARCH_PATHS = "$(inherited) @executable_path/Frameworks @loader_path/Frameworks";
				PRODUCT_BUNDLE_IDENTIFIER = jk.com.MazeUITests;
				PRODUCT_NAME = "$(TARGET_NAME)";
				SWIFT_VERSION = 4.0;
				TARGETED_DEVICE_FAMILY = "1,2";
				TEST_TARGET_NAME = Maze;
			};
			name = Release;
		};
/* End XCBuildConfiguration section */

/* Begin XCConfigurationList section */
		96E87EB220F8649500920889 /* Build configuration list for PBXProject "Maze" */ = {
			isa = XCConfigurationList;
			buildConfigurations = (
				96E87EDD20F8649500920889 /* Debug */,
				96E87EDE20F8649500920889 /* Release */,
			);
			defaultConfigurationIsVisible = 0;
			defaultConfigurationName = Release;
		};
		96E87EDF20F8649500920889 /* Build configuration list for PBXNativeTarget "Maze" */ = {
			isa = XCConfigurationList;
			buildConfigurations = (
				96E87EE020F8649500920889 /* Debug */,
				96E87EE120F8649500920889 /* Release */,
			);
			defaultConfigurationIsVisible = 0;
			defaultConfigurationName = Release;
		};
		96E87EE220F8649500920889 /* Build configuration list for PBXNativeTarget "MazeTests" */ = {
			isa = XCConfigurationList;
			buildConfigurations = (
				96E87EE320F8649500920889 /* Debug */,
				96E87EE420F8649500920889 /* Release */,
			);
			defaultConfigurationIsVisible = 0;
			defaultConfigurationName = Release;
		};
		96E87EE520F8649500920889 /* Build configuration list for PBXNativeTarget "MazeUITests" */ = {
			isa = XCConfigurationList;
			buildConfigurations = (
				96E87EE620F8649500920889 /* Debug */,
				96E87EE720F8649500920889 /* Release */,
			);
			defaultConfigurationIsVisible = 0;
			defaultConfigurationName = Release;
		};
/* End XCConfigurationList section */
	};
	rootObject = 96E87EAF20F8649500920889 /* Project object */;
}
